
Microsoft Visual Studio Solution File, Format Version 12.00
# Visual Studio Version 16
VisualStudioVersion = 16.0.810.6
MinimumVisualStudioVersion = 10.0.40219.1
Project("{FAE04EC0-301F-11D3-BF4B-00C04F79EFBC}") = "Csharp-Intermediate-S2-Exercise-1", "Csharp-Intermediate-S2-Exercise-1\Csharp-Intermediate-S2-Exercise-1.csproj", "{8D038D36-0B51-4114-A733-14E81B4B9BDE}"
EndProject
Global
	GlobalSection(SolutionConfigurationPlatforms) = preSolution
		Debug|Any CPU = Debug|Any CPU
		Release|Any CPU = Release|Any CPU
	EndGlobalSection
	GlobalSection(ProjectConfigurationPlatforms) = postSolution
		{8D038D36-0B51-4114-A733-14E81B4B9BDE}.Debug|Any CPU.ActiveCfg = Debug|Any CPU
		{8D038D36-0B51-4114-A733-14E81B4B9BDE}.Debug|Any CPU.Build.0 = Debug|Any CPU
		{8D038D36-0B51-4114-A733-14E81B4B9BDE}.Release|Any CPU.ActiveCfg = Release|Any CPU
		{8D038D36-0B51-4114-A733-14E81B4B9BDE}.Release|Any CPU.Build.0 = Release|Any CPU
	EndGlobalSection
	GlobalSection(SolutionProperties) = preSolution
		HideSolutionNode = FALSE
	EndGlobalSection
	GlobalSection(ExtensibilityGlobals) = postSolution
		SolutionGuid = {F7D06BF8-8B14-4D5E-9792-55D7B2F4C0EF}
	EndGlobalSection
EndGlobal
